{
  "version": 4,
  "terraform_version": "1.10.5",
  "serial": 415,
  "lineage": "a2e0d9f5-6175-aa42-81b6-21c9696556cc",
  "outputs": {
    "application_url": {
      "value": "http://demo",
      "type": "string"
    },
    "autoscaling_group_name": {
      "value": "webapp-asg-20250407152243512500000007",
      "type": "string"
    },
    "load_balancer_dns": {
      "value": "webapp-alb-1928599500.us-east-1.elb.amazonaws.com",
      "type": "string"
    },
    "rds_endpoint": {
      "value": "csye6225.cclwqu0oykp3.us-east-1.rds.amazonaws.com",
      "type": "string"
    },
    "s3_bucket_name": {
      "value": "csye6225-28d38148-236a-b659-606e-3335ce07bfa7",
      "type": "string"
    }
  },
  "resources": [
    {
      "mode": "data",
      "type": "aws_availability_zones",
      "name": "zones",
      "provider": "provider[\"registry.terraform.io/hashicorp/aws\"]",
      "instances": [
        {
          "schema_version": 0,
          "attributes": {
            "all_availability_zones": null,
            "exclude_names": null,
            "exclude_zone_ids": null,
            "filter": null,
            "group_names": [
              "us-east-1-zg-1"
            ],
            "id": "us-east-1",
            "names": [
              "us-east-1a",
              "us-east-1b",
              "us-east-1c",
              "us-east-1d",
              "us-east-1e",
              "us-east-1f"
            ],
            "state": "available",
            "timeouts": null,
            "zone_ids": [
              "use1-az4",
              "use1-az6",
              "use1-az1",
              "use1-az2",
              "use1-az3",
              "use1-az5"
            ]
          },
          "sensitive_attributes": []
        }
      ]
    },
    {
      "mode": "managed",
      "type": "aws_autoscaling_group",
      "name": "webapp_asg",
      "provider": "provider[\"registry.terraform.io/hashicorp/aws\"]",
      "instances": [
        {
          "schema_version": 1,
          "attributes": {
            "arn": "arn:aws:autoscaling:us-east-1:559050238253:autoScalingGroup:c3347240-bc5e-4e23-9750-a5d32aa31bba:autoScalingGroupName/webapp-asg-20250407152243512500000007",
            "availability_zone_distribution": [
              {
                "capacity_distribution_strategy": "balanced-best-effort"
              }
            ],
            "availability_zones": [
              "us-east-1a",
              "us-east-1b",
              "us-east-1c"
            ],
            "capacity_rebalance": false,
            "context": "",
            "default_cooldown": 300,
            "default_instance_warmup": 0,
            "desired_capacity": 3,
            "desired_capacity_type": "",
            "enabled_metrics": null,
            "force_delete": false,
            "force_delete_warm_pool": false,
            "health_check_grace_period": 300,
            "health_check_type": "ELB",
            "id": "webapp-asg-20250407152243512500000007",
            "ignore_failed_scaling_activities": false,
            "initial_lifecycle_hook": [],
            "instance_maintenance_policy": [],
            "instance_refresh": [],
            "launch_configuration": "",
            "launch_template": [
              {
                "id": "lt-04cd18cab5b410160",
                "name": "csye6225_asg",
                "version": "$Latest"
              }
            ],
            "load_balancers": [],
            "max_instance_lifetime": 0,
            "max_size": 5,
            "metrics_granularity": "1Minute",
            "min_elb_capacity": null,
            "min_size": 3,
            "mixed_instances_policy": [],
            "name": "webapp-asg-20250407152243512500000007",
            "name_prefix": "webapp-asg-",
            "placement_group": "",
            "predicted_capacity": 0,
            "protect_from_scale_in": false,
            "service_linked_role_arn": "arn:aws:iam::559050238253:role/aws-service-role/autoscaling.amazonaws.com/AWSServiceRoleForAutoScaling",
            "suspended_processes": null,
            "tag": [
              {
                "key": "Application",
                "propagate_at_launch": true,
                "value": "WebApp"
              },
              {
                "key": "Name",
                "propagate_at_launch": true,
                "value": "WebApp-ASG-Instance"
              }
            ],
            "target_group_arns": [
              "arn:aws:elasticloadbalancing:us-east-1:559050238253:targetgroup/webapp-tg/2aafff14fbe43c21"
            ],
            "termination_policies": null,
            "timeouts": null,
            "traffic_source": [
              {
                "identifier": "arn:aws:elasticloadbalancing:us-east-1:559050238253:targetgroup/webapp-tg/2aafff14fbe43c21",
                "type": "elbv2"
              }
            ],
            "vpc_zone_identifier": [
              "subnet-024901c1e2a653f82",
              "subnet-08664b0661a354c21",
              "subnet-0d6bb864f43a58270"
            ],
            "wait_for_capacity_timeout": "10m",
            "wait_for_elb_capacity": null,
            "warm_pool": [],
            "warm_pool_size": 0
          },
          "sensitive_attributes": [],
          "private": "eyJlMmJmYjczMC1lY2FhLTExZTYtOGY4OC0zNDM2M2JjN2M0YzAiOnsiZGVsZXRlIjo2MDAwMDAwMDAwMDAsInVwZGF0ZSI6NjAwMDAwMDAwMDAwfSwic2NoZW1hX3ZlcnNpb24iOiIxIn0=",
          "dependencies": [
            "aws_db_instance.webapp_db",
            "aws_db_parameter_group.db_parameter_group",
            "aws_db_subnet_group.db_subnet_group",
            "aws_iam_instance_profile.existing_profile",
            "aws_iam_role.ec2_s3_access",
            "aws_launch_template.webapp_launch_template",
            "aws_lb_target_group.webapp_tg",
            "aws_s3_bucket.webapp_bucket",
            "aws_security_group.application_sg",
            "aws_security_group.database_sg",
            "aws_security_group.load_balancer_sg",
            "aws_subnet.accessible",
            "aws_subnet.restricted",
            "aws_vpc.network",
            "data.aws_availability_zones.zones",
            "random_uuid.bucket_uuid"
          ]
        }
      ]
    },
    {
      "mode": "managed",
      "type": "aws_autoscaling_policy",
      "name": "scale_down",
      "provider": "provider[\"registry.terraform.io/hashicorp/aws\"]",
      "instances": [
        {
          "schema_version": 0,
          "attributes": {
            "adjustment_type": "ChangeInCapacity",
            "arn": "arn:aws:autoscaling:us-east-1:559050238253:scalingPolicy:8d80ef2e-0331-487d-ba07-be155f065a70:autoScalingGroupName/webapp-asg-20250407152243512500000007:policyName/scale-down",
            "autoscaling_group_name": "webapp-asg-20250407152243512500000007",
            "cooldown": 60,
            "enabled": true,
            "estimated_instance_warmup": 0,
            "id": "scale-down",
            "metric_aggregation_type": "",
            "min_adjustment_magnitude": 0,
            "name": "scale-down",
            "policy_type": "SimpleScaling",
            "predictive_scaling_configuration": [],
            "scaling_adjustment": -1,
            "step_adjustment": [],
            "target_tracking_configuration": []
          },
          "sensitive_attributes": [],
          "private": "bnVsbA==",
          "dependencies": [
            "aws_autoscaling_group.webapp_asg",
            "aws_db_instance.webapp_db",
            "aws_db_parameter_group.db_parameter_group",
            "aws_db_subnet_group.db_subnet_group",
            "aws_iam_instance_profile.existing_profile",
            "aws_iam_role.ec2_s3_access",
            "aws_launch_template.webapp_launch_template",
            "aws_lb_target_group.webapp_tg",
            "aws_s3_bucket.webapp_bucket",
            "aws_security_group.application_sg",
            "aws_security_group.database_sg",
            "aws_security_group.load_balancer_sg",
            "aws_subnet.accessible",
            "aws_subnet.restricted",
            "aws_vpc.network",
            "data.aws_availability_zones.zones",
            "random_uuid.bucket_uuid"
          ]
        }
      ]
    },
    {
      "mode": "managed",
      "type": "aws_autoscaling_policy",
      "name": "scale_up",
      "provider": "provider[\"registry.terraform.io/hashicorp/aws\"]",
      "instances": [
        {
          "schema_version": 0,
          "attributes": {
            "adjustment_type": "ChangeInCapacity",
            "arn": "arn:aws:autoscaling:us-east-1:559050238253:scalingPolicy:17fdd1bf-ee1b-4021-b20c-74b05ef0b74e:autoScalingGroupName/webapp-asg-20250407152243512500000007:policyName/scale-up",
            "autoscaling_group_name": "webapp-asg-20250407152243512500000007",
            "cooldown": 60,
            "enabled": true,
            "estimated_instance_warmup": 0,
            "id": "scale-up",
            "metric_aggregation_type": "",
            "min_adjustment_magnitude": 0,
            "name": "scale-up",
            "policy_type": "SimpleScaling",
            "predictive_scaling_configuration": [],
            "scaling_adjustment": 1,
            "step_adjustment": [],
            "target_tracking_configuration": []
          },
          "sensitive_attributes": [],
          "private": "bnVsbA==",
          "dependencies": [
            "aws_autoscaling_group.webapp_asg",
            "aws_db_instance.webapp_db",
            "aws_db_parameter_group.db_parameter_group",
            "aws_db_subnet_group.db_subnet_group",
            "aws_iam_instance_profile.existing_profile",
            "aws_iam_role.ec2_s3_access",
            "aws_launch_template.webapp_launch_template",
            "aws_lb_target_group.webapp_tg",
            "aws_s3_bucket.webapp_bucket",
            "aws_security_group.application_sg",
            "aws_security_group.database_sg",
            "aws_security_group.load_balancer_sg",
            "aws_subnet.accessible",
            "aws_subnet.restricted",
            "aws_vpc.network",
            "data.aws_availability_zones.zones",
            "random_uuid.bucket_uuid"
          ]
        }
      ]
    },
    {
      "mode": "managed",
      "type": "aws_cloudwatch_metric_alarm",
      "name": "high_cpu",
      "provider": "provider[\"registry.terraform.io/hashicorp/aws\"]",
      "instances": [
        {
          "schema_version": 1,
          "attributes": {
            "actions_enabled": true,
            "alarm_actions": [
              "arn:aws:autoscaling:us-east-1:559050238253:scalingPolicy:17fdd1bf-ee1b-4021-b20c-74b05ef0b74e:autoScalingGroupName/webapp-asg-20250407152243512500000007:policyName/scale-up"
            ],
            "alarm_description": "Scale up when CPU exceeds 90%",
            "alarm_name": "high-cpu-usage",
            "arn": "arn:aws:cloudwatch:us-east-1:559050238253:alarm:high-cpu-usage",
            "comparison_operator": "GreaterThanThreshold",
            "datapoints_to_alarm": 0,
            "dimensions": {
              "AutoScalingGroupName": "webapp-asg-20250407152243512500000007"
            },
            "evaluate_low_sample_count_percentiles": "",
            "evaluation_periods": 1,
            "extended_statistic": "",
            "id": "high-cpu-usage",
            "insufficient_data_actions": null,
            "metric_name": "CPUUtilization",
            "metric_query": [],
            "namespace": "AWS/EC2",
            "ok_actions": null,
            "period": 60,
            "statistic": "Average",
            "tags": null,
            "tags_all": {},
            "threshold": 5,
            "threshold_metric_id": "",
            "treat_missing_data": "missing",
            "unit": ""
          },
          "sensitive_attributes": [],
          "private": "eyJzY2hlbWFfdmVyc2lvbiI6IjEifQ==",
          "dependencies": [
            "aws_autoscaling_group.webapp_asg",
            "aws_autoscaling_policy.scale_up",
            "aws_db_instance.webapp_db",
            "aws_db_parameter_group.db_parameter_group",
            "aws_db_subnet_group.db_subnet_group",
            "aws_iam_instance_profile.existing_profile",
            "aws_iam_role.ec2_s3_access",
            "aws_launch_template.webapp_launch_template",
            "aws_lb_target_group.webapp_tg",
            "aws_s3_bucket.webapp_bucket",
            "aws_security_group.application_sg",
            "aws_security_group.database_sg",
            "aws_security_group.load_balancer_sg",
            "aws_subnet.accessible",
            "aws_subnet.restricted",
            "aws_vpc.network",
            "data.aws_availability_zones.zones",
            "random_uuid.bucket_uuid"
          ]
        }
      ]
    },
    {
      "mode": "managed",
      "type": "aws_cloudwatch_metric_alarm",
      "name": "low_cpu",
      "provider": "provider[\"registry.terraform.io/hashicorp/aws\"]",
      "instances": [
        {
          "schema_version": 1,
          "attributes": {
            "actions_enabled": true,
            "alarm_actions": [
              "arn:aws:autoscaling:us-east-1:559050238253:scalingPolicy:8d80ef2e-0331-487d-ba07-be155f065a70:autoScalingGroupName/webapp-asg-20250407152243512500000007:policyName/scale-down"
            ],
            "alarm_description": "Scale down when CPU is below 30%",
            "alarm_name": "low-cpu-usage",
            "arn": "arn:aws:cloudwatch:us-east-1:559050238253:alarm:low-cpu-usage",
            "comparison_operator": "LessThanThreshold",
            "datapoints_to_alarm": 0,
            "dimensions": {
              "AutoScalingGroupName": "webapp-asg-20250407152243512500000007"
            },
            "evaluate_low_sample_count_percentiles": "",
            "evaluation_periods": 1,
            "extended_statistic": "",
            "id": "low-cpu-usage",
            "insufficient_data_actions": null,
            "metric_name": "CPUUtilization",
            "metric_query": [],
            "namespace": "AWS/EC2",
            "ok_actions": null,
            "period": 60,
            "statistic": "Average",
            "tags": null,
            "tags_all": {},
            "threshold": 3,
            "threshold_metric_id": "",
            "treat_missing_data": "missing",
            "unit": ""
          },
          "sensitive_attributes": [],
          "private": "eyJzY2hlbWFfdmVyc2lvbiI6IjEifQ==",
          "dependencies": [
            "aws_autoscaling_group.webapp_asg",
            "aws_autoscaling_policy.scale_down",
            "aws_db_instance.webapp_db",
            "aws_db_parameter_group.db_parameter_group",
            "aws_db_subnet_group.db_subnet_group",
            "aws_iam_instance_profile.existing_profile",
            "aws_iam_role.ec2_s3_access",
            "aws_launch_template.webapp_launch_template",
            "aws_lb_target_group.webapp_tg",
            "aws_s3_bucket.webapp_bucket",
            "aws_security_group.application_sg",
            "aws_security_group.database_sg",
            "aws_security_group.load_balancer_sg",
            "aws_subnet.accessible",
            "aws_subnet.restricted",
            "aws_vpc.network",
            "data.aws_availability_zones.zones",
            "random_uuid.bucket_uuid"
          ]
        }
      ]
    },
    {
      "mode": "managed",
      "type": "aws_db_instance",
      "name": "webapp_db",
      "provider": "provider[\"registry.terraform.io/hashicorp/aws\"]",
      "instances": [
        {
          "schema_version": 2,
          "attributes": {
            "address": "csye6225.cclwqu0oykp3.us-east-1.rds.amazonaws.com",
            "allocated_storage": 20,
            "allow_major_version_upgrade": null,
            "apply_immediately": false,
            "arn": "arn:aws:rds:us-east-1:559050238253:db:csye6225",
            "auto_minor_version_upgrade": true,
            "availability_zone": "us-east-1a",
            "backup_retention_period": 0,
            "backup_target": "region",
            "backup_window": "06:29-06:59",
            "blue_green_update": [],
            "ca_cert_identifier": "rds-ca-rsa2048-g1",
            "character_set_name": "",
            "copy_tags_to_snapshot": false,
            "custom_iam_instance_profile": "",
            "customer_owned_ip_enabled": false,
            "database_insights_mode": "standard",
            "db_name": "csye6225",
            "db_subnet_group_name": "csye6225-db-subnet-group",
            "dedicated_log_volume": false,
            "delete_automated_backups": true,
            "deletion_protection": false,
            "domain": "",
            "domain_auth_secret_arn": "",
            "domain_dns_ips": null,
            "domain_fqdn": "",
            "domain_iam_role_name": "",
            "domain_ou": "",
            "enabled_cloudwatch_logs_exports": null,
            "endpoint": "csye6225.cclwqu0oykp3.us-east-1.rds.amazonaws.com:3306",
            "engine": "mysql",
            "engine_lifecycle_support": "open-source-rds-extended-support",
            "engine_version": "8.0",
            "engine_version_actual": "8.0.40",
            "final_snapshot_identifier": null,
            "hosted_zone_id": "Z2R2ITUGPM61AM",
            "iam_database_authentication_enabled": false,
            "id": "db-BKHXRGFTLPOQI2YK6LOJDRZ2OE",
            "identifier": "csye6225",
            "identifier_prefix": "",
            "instance_class": "db.t3.micro",
            "iops": 0,
            "kms_key_id": "",
            "latest_restorable_time": "",
            "license_model": "general-public-license",
            "listener_endpoint": [],
            "maintenance_window": "wed:06:59-wed:07:29",
            "manage_master_user_password": null,
            "master_user_secret": [],
            "master_user_secret_kms_key_id": null,
            "max_allocated_storage": 0,
            "monitoring_interval": 0,
            "monitoring_role_arn": "",
            "multi_az": false,
            "nchar_character_set_name": "",
            "network_type": "IPV4",
            "option_group_name": "default:mysql-8-0",
            "parameter_group_name": "csye6225-db-param-group",
            "password": "Pass1234",
            "password_wo": null,
            "password_wo_version": null,
            "performance_insights_enabled": false,
            "performance_insights_kms_key_id": "",
            "performance_insights_retention_period": 0,
            "port": 3306,
            "publicly_accessible": false,
            "replica_mode": "",
            "replicas": [],
            "replicate_source_db": "",
            "resource_id": "db-BKHXRGFTLPOQI2YK6LOJDRZ2OE",
            "restore_to_point_in_time": [],
            "s3_import": [],
            "skip_final_snapshot": true,
            "snapshot_identifier": null,
            "status": "available",
            "storage_encrypted": false,
            "storage_throughput": 0,
            "storage_type": "gp2",
            "tags": {
              "Name": "WebApp RDS Instance"
            },
            "tags_all": {
              "Name": "WebApp RDS Instance"
            },
            "timeouts": null,
            "timezone": "",
            "upgrade_storage_config": null,
            "username": "csye6225",
            "vpc_security_group_ids": [
              "sg-016868d67ecf847db"
            ]
          },
          "sensitive_attributes": [
            [
              {
                "type": "get_attr",
                "value": "password_wo"
              }
            ],
            [
              {
                "type": "get_attr",
                "value": "password"
              }
            ]
          ],
          "private": "eyJlMmJmYjczMC1lY2FhLTExZTYtOGY4OC0zNDM2M2JjN2M0YzAiOnsiY3JlYXRlIjozMDAwMDAwMDAwMDAwLCJkZWxldGUiOjM2MDAwMDAwMDAwMDAsInVwZGF0ZSI6NDgwMDAwMDAwMDAwMH0sInNjaGVtYV92ZXJzaW9uIjoiMiJ9",
          "dependencies": [
            "aws_db_parameter_group.db_parameter_group",
            "aws_db_subnet_group.db_subnet_group",
            "aws_security_group.application_sg",
            "aws_security_group.database_sg",
            "aws_security_group.load_balancer_sg",
            "aws_subnet.restricted",
            "aws_vpc.network",
            "data.aws_availability_zones.zones"
          ]
        }
      ]
    },
    {
      "mode": "managed",
      "type": "aws_db_parameter_group",
      "name": "db_parameter_group",
      "provider": "provider[\"registry.terraform.io/hashicorp/aws\"]",
      "instances": [
        {
          "schema_version": 0,
          "attributes": {
            "arn": "arn:aws:rds:us-east-1:559050238253:pg:csye6225-db-param-group",
            "description": "Managed by Terraform",
            "family": "mysql8.0",
            "id": "csye6225-db-param-group",
            "name": "csye6225-db-param-group",
            "name_prefix": "",
            "parameter": [],
            "skip_destroy": false,
            "tags": {
              "Name": "WebApp DB Parameter Group"
            },
            "tags_all": {
              "Name": "WebApp DB Parameter Group"
            }
          },
          "sensitive_attributes": [],
          "private": "bnVsbA=="
        }
      ]
    },
    {
      "mode": "managed",
      "type": "aws_db_subnet_group",
      "name": "db_subnet_group",
      "provider": "provider[\"registry.terraform.io/hashicorp/aws\"]",
      "instances": [
        {
          "schema_version": 0,
          "attributes": {
            "arn": "arn:aws:rds:us-east-1:559050238253:subgrp:csye6225-db-subnet-group",
            "description": "Managed by Terraform",
            "id": "csye6225-db-subnet-group",
            "name": "csye6225-db-subnet-group",
            "name_prefix": "",
            "subnet_ids": [
              "subnet-071ec4d9ecdc244c9",
              "subnet-07478f4be2e5aa92b",
              "subnet-0751d83c97995209b"
            ],
            "supported_network_types": [
              "IPV4"
            ],
            "tags": {
              "Name": "WebApp DB Subnet Group"
            },
            "tags_all": {
              "Name": "WebApp DB Subnet Group"
            },
            "vpc_id": "vpc-0421ce3667cf1f8af"
          },
          "sensitive_attributes": [],
          "private": "bnVsbA==",
          "dependencies": [
            "aws_subnet.restricted",
            "aws_vpc.network",
            "data.aws_availability_zones.zones"
          ]
        }
      ]
    },
    {
      "mode": "managed",
      "type": "aws_iam_instance_profile",
      "name": "existing_profile",
      "provider": "provider[\"registry.terraform.io/hashicorp/aws\"]",
      "instances": [
        {
          "schema_version": 0,
          "attributes": {
            "arn": "arn:aws:iam::559050238253:instance-profile/ec2_s3_profile_new",
            "create_date": "2025-04-07T15:16:51Z",
            "id": "ec2_s3_profile_new",
            "name": "ec2_s3_profile_new",
            "name_prefix": "",
            "path": "/",
            "role": "ec2_s3_access_role",
            "tags": null,
            "tags_all": {},
            "unique_id": "AIPAYEKP5VEWTK24TWFIZ"
          },
          "sensitive_attributes": [],
          "private": "bnVsbA==",
          "dependencies": [
            "aws_iam_role.ec2_s3_access"
          ]
        }
      ]
    },
    {
      "mode": "managed",
      "type": "aws_iam_policy",
      "name": "cloudwatch_access_policy",
      "provider": "provider[\"registry.terraform.io/hashicorp/aws\"]",
      "instances": [
        {
          "schema_version": 0,
          "attributes": {
            "arn": "arn:aws:iam::559050238253:policy/cloudwatch_access_policy",
            "attachment_count": 0,
            "description": "Policy allowing EC2 to send logs and metrics to CloudWatch",
            "id": "arn:aws:iam::559050238253:policy/cloudwatch_access_policy",
            "name": "cloudwatch_access_policy",
            "name_prefix": "",
            "path": "/",
            "policy": "{\"Statement\":[{\"Action\":[\"cloudwatch:PutMetricData\",\"logs:CreateLogGroup\",\"logs:CreateLogStream\",\"logs:PutLogEvents\",\"logs:DescribeLogStreams\"],\"Effect\":\"Allow\",\"Resource\":\"*\"}],\"Version\":\"2012-10-17\"}",
            "policy_id": "ANPAYEKP5VEW52RGPVVVO",
            "tags": null,
            "tags_all": {}
          },
          "sensitive_attributes": [],
          "private": "bnVsbA=="
        }
      ]
    },
    {
      "mode": "managed",
      "type": "aws_iam_policy",
      "name": "s3_access_policy",
      "provider": "provider[\"registry.terraform.io/hashicorp/aws\"]",
      "instances": [
        {
          "schema_version": 0,
          "attributes": {
            "arn": "arn:aws:iam::559050238253:policy/s3_access_policy",
            "attachment_count": 0,
            "description": "Policy allowing EC2 to access S3 bucket",
            "id": "arn:aws:iam::559050238253:policy/s3_access_policy",
            "name": "s3_access_policy",
            "name_prefix": "",
            "path": "/",
            "policy": "{\"Statement\":[{\"Action\":[\"s3:PutObject\",\"s3:GetObject\",\"s3:DeleteObject\",\"s3:ListBucket\"],\"Effect\":\"Allow\",\"Resource\":[\"arn:aws:s3:::csye6225-28d38148-236a-b659-606e-3335ce07bfa7\",\"arn:aws:s3:::csye6225-28d38148-236a-b659-606e-3335ce07bfa7/*\"]}],\"Version\":\"2012-10-17\"}",
            "policy_id": "ANPAYEKP5VEW36ROHK6KS",
            "tags": null,
            "tags_all": {}
          },
          "sensitive_attributes": [],
          "private": "bnVsbA==",
          "dependencies": [
            "aws_s3_bucket.webapp_bucket",
            "random_uuid.bucket_uuid"
          ]
        }
      ]
    },
    {
      "mode": "managed",
      "type": "aws_iam_role",
      "name": "ec2_s3_access",
      "provider": "provider[\"registry.terraform.io/hashicorp/aws\"]",
      "instances": [
        {
          "schema_version": 0,
          "attributes": {
            "arn": "arn:aws:iam::559050238253:role/ec2_s3_access_role",
            "assume_role_policy": "{\"Statement\":[{\"Action\":\"sts:AssumeRole\",\"Effect\":\"Allow\",\"Principal\":{\"Service\":\"ec2.amazonaws.com\"}}],\"Version\":\"2012-10-17\"}",
            "create_date": "2025-04-07T15:16:51Z",
            "description": "",
            "force_detach_policies": false,
            "id": "ec2_s3_access_role",
            "inline_policy": [],
            "managed_policy_arns": [],
            "max_session_duration": 3600,
            "name": "ec2_s3_access_role",
            "name_prefix": "",
            "path": "/",
            "permissions_boundary": "",
            "tags": null,
            "tags_all": {},
            "unique_id": "AROAYEKP5VEWZ3FUDWXEK"
          },
          "sensitive_attributes": [],
          "private": "bnVsbA=="
        }
      ]
    },
    {
      "mode": "managed",
      "type": "aws_iam_role_policy_attachment",
      "name": "cloudwatch_policy_attachment",
      "provider": "provider[\"registry.terraform.io/hashicorp/aws\"]",
      "instances": [
        {
          "schema_version": 0,
          "attributes": {
            "id": "ec2_s3_access_role-20250407151651367200000001",
            "policy_arn": "arn:aws:iam::559050238253:policy/cloudwatch_access_policy",
            "role": "ec2_s3_access_role"
          },
          "sensitive_attributes": [],
          "private": "bnVsbA==",
          "dependencies": [
            "aws_iam_policy.cloudwatch_access_policy",
            "aws_iam_role.ec2_s3_access"
          ]
        }
      ]
    },
    {
      "mode": "managed",
      "type": "aws_iam_role_policy_attachment",
      "name": "s3_policy_attachment",
      "provider": "provider[\"registry.terraform.io/hashicorp/aws\"]",
      "instances": [
        {
          "schema_version": 0,
          "attributes": {
            "id": "ec2_s3_access_role-20250407151653255900000004",
            "policy_arn": "arn:aws:iam::559050238253:policy/s3_access_policy",
            "role": "ec2_s3_access_role"
          },
          "sensitive_attributes": [],
          "private": "bnVsbA==",
          "dependencies": [
            "aws_iam_policy.s3_access_policy",
            "aws_iam_role.ec2_s3_access",
            "aws_s3_bucket.webapp_bucket",
            "random_uuid.bucket_uuid"
          ]
        }
      ]
    },
    {
      "mode": "managed",
      "type": "aws_internet_gateway",
      "name": "igw",
      "provider": "provider[\"registry.terraform.io/hashicorp/aws\"]",
      "instances": [
        {
          "schema_version": 0,
          "attributes": {
            "arn": "arn:aws:ec2:us-east-1:559050238253:internet-gateway/igw-0a2db60f030b7e20a",
            "id": "igw-0a2db60f030b7e20a",
            "owner_id": "559050238253",
            "tags": {
              "Name": "Custom-IGW"
            },
            "tags_all": {
              "Name": "Custom-IGW"
            },
            "timeouts": null,
            "vpc_id": "vpc-0421ce3667cf1f8af"
          },
          "sensitive_attributes": [],
          "private": "eyJlMmJmYjczMC1lY2FhLTExZTYtOGY4OC0zNDM2M2JjN2M0YzAiOnsiY3JlYXRlIjoxMjAwMDAwMDAwMDAwLCJkZWxldGUiOjEyMDAwMDAwMDAwMDAsInVwZGF0ZSI6MTIwMDAwMDAwMDAwMH19",
          "dependencies": [
            "aws_vpc.network"
          ]
        }
      ]
    },
    {
      "mode": "managed",
      "type": "aws_launch_template",
      "name": "webapp_launch_template",
      "provider": "provider[\"registry.terraform.io/hashicorp/aws\"]",
      "instances": [
        {
          "schema_version": 0,
          "attributes": {
            "arn": "arn:aws:ec2:us-east-1:559050238253:launch-template/lt-04cd18cab5b410160",
            "block_device_mappings": [],
            "capacity_reservation_specification": [],
            "cpu_options": [],
            "credit_specification": [],
            "default_version": 1,
            "description": "",
            "disable_api_stop": false,
            "disable_api_termination": false,
            "ebs_optimized": "",
            "elastic_gpu_specifications": [],
            "elastic_inference_accelerator": [],
            "enclave_options": [],
            "hibernation_options": [],
            "iam_instance_profile": [
              {
                "arn": "",
                "name": "ec2_s3_profile_new"
              }
            ],
            "id": "lt-04cd18cab5b410160",
            "image_id": "ami-0a43950b2d34e59f3",
            "instance_initiated_shutdown_behavior": "",
            "instance_market_options": [],
            "instance_requirements": [],
            "instance_type": "t2.micro",
            "kernel_id": "",
            "key_name": "ec2test",
            "latest_version": 1,
            "license_specification": [],
            "maintenance_options": [],
            "metadata_options": [],
            "monitoring": [],
            "name": "csye6225_asg",
            "name_prefix": "",
            "network_interfaces": [
              {
                "associate_carrier_ip_address": "",
                "associate_public_ip_address": "true",
                "connection_tracking_specification": [],
                "delete_on_termination": "",
                "description": "",
                "device_index": 0,
                "ena_srd_specification": [],
                "interface_type": "",
                "ipv4_address_count": 0,
                "ipv4_addresses": null,
                "ipv4_prefix_count": 0,
                "ipv4_prefixes": null,
                "ipv6_address_count": 0,
                "ipv6_addresses": null,
                "ipv6_prefix_count": 0,
                "ipv6_prefixes": null,
                "network_card_index": 0,
                "network_interface_id": "",
                "primary_ipv6": "",
                "private_ip_address": "",
                "security_groups": [
                  "sg-0676f1130ea0cea07"
                ],
                "subnet_id": ""
              }
            ],
            "placement": [],
            "private_dns_name_options": [],
            "ram_disk_id": "",
            "security_group_names": null,
            "tag_specifications": [
              {
                "resource_type": "instance",
                "tags": {
                  "Name": "WebApp-ASG-Instance"
                }
              }
            ],
            "tags": {
              "Name": "WebApp-Launch-Template"
            },
            "tags_all": {
              "Name": "WebApp-Launch-Template"
            },
            "update_default_version": null,
            "user_data": "IyEvYmluL2Jhc2gKIyBDcmVhdGUgYXBwbGljYXRpb24gZGlyZWN0b3J5IGlmIGl0IGRvZXNuJ3QgZXhpc3QKbWtkaXIgLXAgL29wdC93ZWJhcHAKICAgIAojIEluc3RhbGwgQ2xvdWRXYXRjaCBhZ2VudAp3Z2V0IGh0dHBzOi8vczMuYW1hem9uYXdzLmNvbS9hbWF6b25jbG91ZHdhdGNoLWFnZW50L3VidW50dS9hbWQ2NC9sYXRlc3QvYW1hem9uLWNsb3Vkd2F0Y2gtYWdlbnQuZGViCmRwa2cgLWkgYW1hem9uLWNsb3Vkd2F0Y2gtYWdlbnQuZGViCiAgICAKIyBDb25maWd1cmUgQ2xvdWRXYXRjaCBhZ2VudApjYXQgPiAvb3B0L2F3cy9hbWF6b24tY2xvdWR3YXRjaC1hZ2VudC9ldGMvYW1hem9uLWNsb3Vkd2F0Y2gtYWdlbnQuanNvbiA8PCAnQ1dBR0VOVENPTkZJRycKewogICJhZ2VudCI6IHsKICAgICJtZXRyaWNzX2NvbGxlY3Rpb25faW50ZXJ2YWwiOiA2MCwKICAgICJydW5fYXNfdXNlciI6ICJyb290IgogIH0sCiAgImxvZ3MiOiB7CiAgICAibG9nc19jb2xsZWN0ZWQiOiB7CiAgICAgICJmaWxlcyI6IHsKICAgICAgICAiY29sbGVjdF9saXN0IjogWwogICAgICAgICAgewogICAgICAgICAgICAiZmlsZV9wYXRoIjogIi9vcHQvd2ViYXBwL2xvZ3MvYXBwbGljYXRpb24ubG9nIiwKICAgICAgICAgICAgImxvZ19ncm91cF9uYW1lIjogIndlYmFwcC1sb2dzIiwKICAgICAgICAgICAgImxvZ19zdHJlYW1fbmFtZSI6ICJ7aW5zdGFuY2VfaWR9LWFwcGxpY2F0aW9uIiwKICAgICAgICAgICAgInJldGVudGlvbl9pbl9kYXlzIjogNwogICAgICAgICAgfSwKICAgICAgICAgIHsKICAgICAgICAgICAgImZpbGVfcGF0aCI6ICIvb3B0L3dlYmFwcC9sb2dzL2Vycm9yLmxvZyIsCiAgICAgICAgICAgICJsb2dfZ3JvdXBfbmFtZSI6ICJ3ZWJhcHAtbG9ncyIsCiAgICAgICAgICAgICJsb2dfc3RyZWFtX25hbWUiOiAie2luc3RhbmNlX2lkfS1lcnJvciIsCiAgICAgICAgICAgICJyZXRlbnRpb25faW5fZGF5cyI6IDcKICAgICAgICAgIH0KICAgICAgICBdCiAgICAgIH0KICAgIH0KICB9LAogICJtZXRyaWNzIjogewogICAgIm5hbWVzcGFjZSI6ICJXZWJBcHAiLAogICAgIm1ldHJpY3NfY29sbGVjdGVkIjogewogICAgICAic3RhdHNkIjogewogICAgICAgICJzZXJ2aWNlX2FkZHJlc3MiOiAiOjgxMjUiLAogICAgICAgICJtZXRyaWNzX2NvbGxlY3Rpb25faW50ZXJ2YWwiOiAxMCwKICAgICAgICAibWV0cmljc19hZ2dyZWdhdGlvbl9pbnRlcnZhbCI6IDYwCiAgICAgIH0KICAgIH0KICB9Cn0KQ1dBR0VOVENPTkZJRwogICAgCiMgU3RhcnQgQ2xvdWRXYXRjaCBhZ2VudAovb3B0L2F3cy9hbWF6b24tY2xvdWR3YXRjaC1hZ2VudC9iaW4vYW1hem9uLWNsb3Vkd2F0Y2gtYWdlbnQtY3RsIC1hIGZldGNoLWNvbmZpZyAtbSBlYzIgLXMgLWMgZmlsZTovb3B0L2F3cy9hbWF6b24tY2xvdWR3YXRjaC1hZ2VudC9ldGMvYW1hem9uLWNsb3Vkd2F0Y2gtYWdlbnQuanNvbgogICAgCiMgQ3JlYXRlIGVudmlyb25tZW50IGZpbGUKY2F0ID4gL29wdC93ZWJhcHAvLmVudiA8PCBFTlZFT0YKREJfSE9TVD1jc3llNjIyNS5jY2x3cXUwb3lrcDMudXMtZWFzdC0xLnJkcy5hbWF6b25hd3MuY29tCkRCX1BPUlQ9MzMwNgpEQl9VU0VSPWNzeWU2MjI1CkRCX1BBU1NXT1JEPVBhc3MxMjM0CkRCX05BTUU9Y3N5ZTYyMjUKQVdTX1JFR0lPTj11cy1lYXN0LTEKUzNfQlVDS0VUPWNzeWU2MjI1LTI4ZDM4MTQ4LTIzNmEtYjY1OS02MDZlLTMzMzVjZTA3YmZhNwpQT1JUPTgwODAKTk9ERV9FTlY9cHJvZHVjdGlvbgpMT0dfRElSRUNUT1JZPS9vcHQvd2ViYXBwL2xvZ3MKQVdTX0NMT1VEV0FUQ0hfRU5BQkxFRD10cnVlCkNMT1VEV0FUQ0hfTE9HX0dST1VQPXdlYmFwcC1sb2dzCkVOVkVPRgogICAgCiMgQ3JlYXRlIGRpcmVjdG9yaWVzCm1rZGlyIC1wIC9vcHQvd2ViYXBwL2xvZ3MKY2htb2QgNzU1IC9vcHQvd2ViYXBwL2xvZ3MKICAgIAojIFNldCBwcm9wZXIgcGVybWlzc2lvbnMKY2htb2QgNjAwIC9vcHQvd2ViYXBwLy5lbnYKY2hvd24gd2ViYXBwOndlYmFwcCAvb3B0L3dlYmFwcC8uZW52CmNob3duIHdlYmFwcDp3ZWJhcHAgL29wdC93ZWJhcHAvbG9ncwogICAgCiMgUmVzdGFydCBhcHBsaWNhdGlvbiBzZXJ2aWNlCnN5c3RlbWN0bCByZXN0YXJ0IHdlYmFwcAo=",
            "vpc_security_group_ids": null
          },
          "sensitive_attributes": [
            [
              {
                "type": "get_attr",
                "value": "user_data"
              }
            ]
          ],
          "private": "bnVsbA==",
          "dependencies": [
            "aws_db_instance.webapp_db",
            "aws_db_parameter_group.db_parameter_group",
            "aws_db_subnet_group.db_subnet_group",
            "aws_iam_instance_profile.existing_profile",
            "aws_iam_role.ec2_s3_access",
            "aws_s3_bucket.webapp_bucket",
            "aws_security_group.application_sg",
            "aws_security_group.database_sg",
            "aws_security_group.load_balancer_sg",
            "aws_subnet.restricted",
            "aws_vpc.network",
            "data.aws_availability_zones.zones",
            "random_uuid.bucket_uuid"
          ]
        }
      ]
    },
    {
      "mode": "managed",
      "type": "aws_lb",
      "name": "webapp_lb",
      "provider": "provider[\"registry.terraform.io/hashicorp/aws\"]",
      "instances": [
        {
          "schema_version": 0,
          "attributes": {
            "access_logs": [
              {
                "bucket": "",
                "enabled": false,
                "prefix": ""
              }
            ],
            "arn": "arn:aws:elasticloadbalancing:us-east-1:559050238253:loadbalancer/app/webapp-alb/138baa139b638af1",
            "arn_suffix": "app/webapp-alb/138baa139b638af1",
            "client_keep_alive": 3600,
            "connection_logs": [
              {
                "bucket": "",
                "enabled": false,
                "prefix": ""
              }
            ],
            "customer_owned_ipv4_pool": "",
            "desync_mitigation_mode": "defensive",
            "dns_name": "webapp-alb-1928599500.us-east-1.elb.amazonaws.com",
            "dns_record_client_routing_policy": null,
            "drop_invalid_header_fields": false,
            "enable_cross_zone_load_balancing": true,
            "enable_deletion_protection": false,
            "enable_http2": true,
            "enable_tls_version_and_cipher_suite_headers": false,
            "enable_waf_fail_open": false,
            "enable_xff_client_port": false,
            "enable_zonal_shift": false,
            "enforce_security_group_inbound_rules_on_private_link_traffic": "",
            "id": "arn:aws:elasticloadbalancing:us-east-1:559050238253:loadbalancer/app/webapp-alb/138baa139b638af1",
            "idle_timeout": 60,
            "internal": false,
            "ip_address_type": "ipv4",
            "ipam_pools": [],
            "load_balancer_type": "application",
            "name": "webapp-alb",
            "name_prefix": "",
            "preserve_host_header": false,
            "security_groups": [
              "sg-0796dbee288bde07e"
            ],
            "subnet_mapping": [
              {
                "allocation_id": "",
                "ipv6_address": "",
                "outpost_id": "",
                "private_ipv4_address": "",
                "subnet_id": "subnet-024901c1e2a653f82"
              },
              {
                "allocation_id": "",
                "ipv6_address": "",
                "outpost_id": "",
                "private_ipv4_address": "",
                "subnet_id": "subnet-08664b0661a354c21"
              },
              {
                "allocation_id": "",
                "ipv6_address": "",
                "outpost_id": "",
                "private_ipv4_address": "",
                "subnet_id": "subnet-0d6bb864f43a58270"
              }
            ],
            "subnets": [
              "subnet-024901c1e2a653f82",
              "subnet-08664b0661a354c21",
              "subnet-0d6bb864f43a58270"
            ],
            "tags": {
              "Name": "WebApp-ALB"
            },
            "tags_all": {
              "Name": "WebApp-ALB"
            },
            "timeouts": null,
            "vpc_id": "vpc-0421ce3667cf1f8af",
            "xff_header_processing_mode": "append",
            "zone_id": "Z35SXDOTRQ7X7K"
          },
          "sensitive_attributes": [],
          "private": "eyJlMmJmYjczMC1lY2FhLTExZTYtOGY4OC0zNDM2M2JjN2M0YzAiOnsiY3JlYXRlIjo2MDAwMDAwMDAwMDAsImRlbGV0ZSI6NjAwMDAwMDAwMDAwLCJ1cGRhdGUiOjYwMDAwMDAwMDAwMH19",
          "dependencies": [
            "aws_security_group.load_balancer_sg",
            "aws_subnet.accessible",
            "aws_vpc.network",
            "data.aws_availability_zones.zones"
          ]
        }
      ]
    },
    {
      "mode": "managed",
      "type": "aws_lb_listener",
      "name": "webapp_listener",
      "provider": "provider[\"registry.terraform.io/hashicorp/aws\"]",
      "instances": [
        {
          "schema_version": 0,
          "attributes": {
            "alpn_policy": null,
            "arn": "arn:aws:elasticloadbalancing:us-east-1:559050238253:listener/app/webapp-alb/138baa139b638af1/735e9a27262055d9",
            "certificate_arn": null,
            "default_action": [
              {
                "authenticate_cognito": [],
                "authenticate_oidc": [],
                "fixed_response": [],
                "forward": [],
                "order": 1,
                "redirect": [],
                "target_group_arn": "arn:aws:elasticloadbalancing:us-east-1:559050238253:targetgroup/webapp-tg/2aafff14fbe43c21",
                "type": "forward"
              }
            ],
            "id": "arn:aws:elasticloadbalancing:us-east-1:559050238253:listener/app/webapp-alb/138baa139b638af1/735e9a27262055d9",
            "load_balancer_arn": "arn:aws:elasticloadbalancing:us-east-1:559050238253:loadbalancer/app/webapp-alb/138baa139b638af1",
            "mutual_authentication": [],
            "port": 80,
            "protocol": "HTTP",
            "routing_http_request_x_amzn_mtls_clientcert_header_name": null,
            "routing_http_request_x_amzn_mtls_clientcert_issuer_header_name": null,
            "routing_http_request_x_amzn_mtls_clientcert_leaf_header_name": null,
            "routing_http_request_x_amzn_mtls_clientcert_serial_number_header_name": null,
            "routing_http_request_x_amzn_mtls_clientcert_subject_header_name": null,
            "routing_http_request_x_amzn_mtls_clientcert_validity_header_name": null,
            "routing_http_request_x_amzn_tls_cipher_suite_header_name": null,
            "routing_http_request_x_amzn_tls_version_header_name": null,
            "routing_http_response_access_control_allow_credentials_header_value": "",
            "routing_http_response_access_control_allow_headers_header_value": "",
            "routing_http_response_access_control_allow_methods_header_value": "",
            "routing_http_response_access_control_allow_origin_header_value": "",
            "routing_http_response_access_control_expose_headers_header_value": "",
            "routing_http_response_access_control_max_age_header_value": "",
            "routing_http_response_content_security_policy_header_value": "",
            "routing_http_response_server_enabled": false,
            "routing_http_response_strict_transport_security_header_value": "",
            "routing_http_response_x_content_type_options_header_value": "",
            "routing_http_response_x_frame_options_header_value": "",
            "ssl_policy": "",
            "tags": null,
            "tags_all": {},
            "tcp_idle_timeout_seconds": null,
            "timeouts": null
          },
          "sensitive_attributes": [],
          "private": "eyJlMmJmYjczMC1lY2FhLTExZTYtOGY4OC0zNDM2M2JjN2M0YzAiOnsiY3JlYXRlIjozMDAwMDAwMDAwMDAsInVwZGF0ZSI6MzAwMDAwMDAwMDAwfX0=",
          "dependencies": [
            "aws_lb.webapp_lb",
            "aws_lb_target_group.webapp_tg",
            "aws_security_group.load_balancer_sg",
            "aws_subnet.accessible",
            "aws_vpc.network",
            "data.aws_availability_zones.zones"
          ]
        }
      ]
    },
    {
      "mode": "managed",
      "type": "aws_lb_target_group",
      "name": "webapp_tg",
      "provider": "provider[\"registry.terraform.io/hashicorp/aws\"]",
      "instances": [
        {
          "schema_version": 0,
          "attributes": {
            "arn": "arn:aws:elasticloadbalancing:us-east-1:559050238253:targetgroup/webapp-tg/2aafff14fbe43c21",
            "arn_suffix": "targetgroup/webapp-tg/2aafff14fbe43c21",
            "connection_termination": null,
            "deregistration_delay": "300",
            "health_check": [
              {
                "enabled": true,
                "healthy_threshold": 2,
                "interval": 30,
                "matcher": "200",
                "path": "/healthz",
                "port": "traffic-port",
                "protocol": "HTTP",
                "timeout": 5,
                "unhealthy_threshold": 2
              }
            ],
            "id": "arn:aws:elasticloadbalancing:us-east-1:559050238253:targetgroup/webapp-tg/2aafff14fbe43c21",
            "ip_address_type": "ipv4",
            "lambda_multi_value_headers_enabled": false,
            "load_balancer_arns": [],
            "load_balancing_algorithm_type": "round_robin",
            "load_balancing_anomaly_mitigation": "off",
            "load_balancing_cross_zone_enabled": "use_load_balancer_configuration",
            "name": "webapp-tg",
            "name_prefix": "",
            "port": 8080,
            "preserve_client_ip": null,
            "protocol": "HTTP",
            "protocol_version": "HTTP1",
            "proxy_protocol_v2": false,
            "slow_start": 0,
            "stickiness": [
              {
                "cookie_duration": 86400,
                "cookie_name": "",
                "enabled": false,
                "type": "lb_cookie"
              }
            ],
            "tags": {
              "Name": "WebApp-TG"
            },
            "tags_all": {
              "Name": "WebApp-TG"
            },
            "target_failover": [
              {
                "on_deregistration": null,
                "on_unhealthy": null
              }
            ],
            "target_group_health": [
              {
                "dns_failover": [
                  {
                    "minimum_healthy_targets_count": "1",
                    "minimum_healthy_targets_percentage": "off"
                  }
                ],
                "unhealthy_state_routing": [
                  {
                    "minimum_healthy_targets_count": 1,
                    "minimum_healthy_targets_percentage": "off"
                  }
                ]
              }
            ],
            "target_health_state": [
              {
                "enable_unhealthy_connection_termination": null,
                "unhealthy_draining_interval": null
              }
            ],
            "target_type": "instance",
            "vpc_id": "vpc-0421ce3667cf1f8af"
          },
          "sensitive_attributes": [],
          "private": "bnVsbA==",
          "dependencies": [
            "aws_vpc.network"
          ]
        }
      ]
    },
    {
      "mode": "managed",
      "type": "aws_route",
      "name": "internet_access",
      "provider": "provider[\"registry.terraform.io/hashicorp/aws\"]",
      "instances": [
        {
          "schema_version": 0,
          "attributes": {
            "carrier_gateway_id": "",
            "core_network_arn": "",
            "destination_cidr_block": "0.0.0.0/0",
            "destination_ipv6_cidr_block": "",
            "destination_prefix_list_id": "",
            "egress_only_gateway_id": "",
            "gateway_id": "igw-0a2db60f030b7e20a",
            "id": "r-rtb-0e2b5433f1ba3e68f1080289494",
            "instance_id": "",
            "instance_owner_id": "",
            "local_gateway_id": "",
            "nat_gateway_id": "",
            "network_interface_id": "",
            "origin": "CreateRoute",
            "route_table_id": "rtb-0e2b5433f1ba3e68f",
            "state": "active",
            "timeouts": null,
            "transit_gateway_id": "",
            "vpc_endpoint_id": "",
            "vpc_peering_connection_id": ""
          },
          "sensitive_attributes": [],
          "private": "eyJlMmJmYjczMC1lY2FhLTExZTYtOGY4OC0zNDM2M2JjN2M0YzAiOnsiY3JlYXRlIjozMDAwMDAwMDAwMDAsImRlbGV0ZSI6MzAwMDAwMDAwMDAwLCJ1cGRhdGUiOjEyMDAwMDAwMDAwMH19",
          "dependencies": [
            "aws_internet_gateway.igw",
            "aws_route_table.accessible_rt",
            "aws_vpc.network"
          ]
        }
      ]
    },
    {
      "mode": "managed",
      "type": "aws_route53_record",
      "name": "webapp",
      "provider": "provider[\"registry.terraform.io/hashicorp/aws\"]",
      "instances": [
        {
          "schema_version": 2,
          "attributes": {
            "alias": [
              {
                "evaluate_target_health": true,
                "name": "webapp-alb-1928599500.us-east-1.elb.amazonaws.com",
                "zone_id": "Z35SXDOTRQ7X7K"
              }
            ],
            "allow_overwrite": null,
            "cidr_routing_policy": [],
            "failover_routing_policy": [],
            "fqdn": "demo.tejaswinichavan.me",
            "geolocation_routing_policy": [],
            "geoproximity_routing_policy": [],
            "health_check_id": "",
            "id": "Z04846972A3Z67P26H80R__A",
            "latency_routing_policy": [],
            "multivalue_answer_routing_policy": false,
            "name": "",
            "records": null,
            "set_identifier": "",
            "timeouts": null,
            "ttl": 0,
            "type": "A",
            "weighted_routing_policy": [],
            "zone_id": "Z04846972A3Z67P26H80R"
          },
          "sensitive_attributes": [],
          "private": "eyJlMmJmYjczMC1lY2FhLTExZTYtOGY4OC0zNDM2M2JjN2M0YzAiOnsiY3JlYXRlIjoxODAwMDAwMDAwMDAwLCJkZWxldGUiOjE4MDAwMDAwMDAwMDAsInVwZGF0ZSI6MTgwMDAwMDAwMDAwMH0sInNjaGVtYV92ZXJzaW9uIjoiMiJ9",
          "dependencies": [
            "aws_lb.webapp_lb",
            "aws_security_group.load_balancer_sg",
            "aws_subnet.accessible",
            "aws_vpc.network",
            "data.aws_availability_zones.zones"
          ]
        }
      ]
    },
    {
      "mode": "managed",
      "type": "aws_route_table",
      "name": "accessible_rt",
      "provider": "provider[\"registry.terraform.io/hashicorp/aws\"]",
      "instances": [
        {
          "schema_version": 0,
          "attributes": {
            "arn": "arn:aws:ec2:us-east-1:559050238253:route-table/rtb-0e2b5433f1ba3e68f",
            "id": "rtb-0e2b5433f1ba3e68f",
            "owner_id": "559050238253",
            "propagating_vgws": [],
            "route": [],
            "tags": {
              "Name": "Accessible-Route-Table"
            },
            "tags_all": {
              "Name": "Accessible-Route-Table"
            },
            "timeouts": null,
            "vpc_id": "vpc-0421ce3667cf1f8af"
          },
          "sensitive_attributes": [],
          "private": "eyJlMmJmYjczMC1lY2FhLTExZTYtOGY4OC0zNDM2M2JjN2M0YzAiOnsiY3JlYXRlIjozMDAwMDAwMDAwMDAsImRlbGV0ZSI6MzAwMDAwMDAwMDAwLCJ1cGRhdGUiOjEyMDAwMDAwMDAwMH19",
          "dependencies": [
            "aws_vpc.network"
          ]
        }
      ]
    },
    {
      "mode": "managed",
      "type": "aws_route_table",
      "name": "restricted_rt",
      "provider": "provider[\"registry.terraform.io/hashicorp/aws\"]",
      "instances": [
        {
          "schema_version": 0,
          "attributes": {
            "arn": "arn:aws:ec2:us-east-1:559050238253:route-table/rtb-02ab533e3dc72e795",
            "id": "rtb-02ab533e3dc72e795",
            "owner_id": "559050238253",
            "propagating_vgws": [],
            "route": [],
            "tags": {
              "Name": "Restricted-Route-Table"
            },
            "tags_all": {
              "Name": "Restricted-Route-Table"
            },
            "timeouts": null,
            "vpc_id": "vpc-0421ce3667cf1f8af"
          },
          "sensitive_attributes": [],
          "private": "eyJlMmJmYjczMC1lY2FhLTExZTYtOGY4OC0zNDM2M2JjN2M0YzAiOnsiY3JlYXRlIjozMDAwMDAwMDAwMDAsImRlbGV0ZSI6MzAwMDAwMDAwMDAwLCJ1cGRhdGUiOjEyMDAwMDAwMDAwMH19",
          "dependencies": [
            "aws_vpc.network"
          ]
        }
      ]
    },
    {
      "mode": "managed",
      "type": "aws_route_table_association",
      "name": "accessible_rta",
      "provider": "provider[\"registry.terraform.io/hashicorp/aws\"]",
      "instances": [
        {
          "index_key": 0,
          "schema_version": 0,
          "attributes": {
            "gateway_id": "",
            "id": "rtbassoc-0c8778061773976e2",
            "route_table_id": "rtb-0e2b5433f1ba3e68f",
            "subnet_id": "subnet-0d6bb864f43a58270",
            "timeouts": null
          },
          "sensitive_attributes": [],
          "private": "eyJlMmJmYjczMC1lY2FhLTExZTYtOGY4OC0zNDM2M2JjN2M0YzAiOnsiY3JlYXRlIjozMDAwMDAwMDAwMDAsImRlbGV0ZSI6MzAwMDAwMDAwMDAwLCJ1cGRhdGUiOjEyMDAwMDAwMDAwMH19",
          "dependencies": [
            "aws_route_table.accessible_rt",
            "aws_subnet.accessible",
            "aws_vpc.network",
            "data.aws_availability_zones.zones"
          ]
        },
        {
          "index_key": 1,
          "schema_version": 0,
          "attributes": {
            "gateway_id": "",
            "id": "rtbassoc-0b293c2472927521d",
            "route_table_id": "rtb-0e2b5433f1ba3e68f",
            "subnet_id": "subnet-024901c1e2a653f82",
            "timeouts": null
          },
          "sensitive_attributes": [],
          "private": "eyJlMmJmYjczMC1lY2FhLTExZTYtOGY4OC0zNDM2M2JjN2M0YzAiOnsiY3JlYXRlIjozMDAwMDAwMDAwMDAsImRlbGV0ZSI6MzAwMDAwMDAwMDAwLCJ1cGRhdGUiOjEyMDAwMDAwMDAwMH19",
          "dependencies": [
            "aws_route_table.accessible_rt",
            "aws_subnet.accessible",
            "aws_vpc.network",
            "data.aws_availability_zones.zones"
          ]
        },
        {
          "index_key": 2,
          "schema_version": 0,
          "attributes": {
            "gateway_id": "",
            "id": "rtbassoc-0581036c51c658d46",
            "route_table_id": "rtb-0e2b5433f1ba3e68f",
            "subnet_id": "subnet-08664b0661a354c21",
            "timeouts": null
          },
          "sensitive_attributes": [],
          "private": "eyJlMmJmYjczMC1lY2FhLTExZTYtOGY4OC0zNDM2M2JjN2M0YzAiOnsiY3JlYXRlIjozMDAwMDAwMDAwMDAsImRlbGV0ZSI6MzAwMDAwMDAwMDAwLCJ1cGRhdGUiOjEyMDAwMDAwMDAwMH19",
          "dependencies": [
            "aws_route_table.accessible_rt",
            "aws_subnet.accessible",
            "aws_vpc.network",
            "data.aws_availability_zones.zones"
          ]
        }
      ]
    },
    {
      "mode": "managed",
      "type": "aws_route_table_association",
      "name": "restricted_rta",
      "provider": "provider[\"registry.terraform.io/hashicorp/aws\"]",
      "instances": [
        {
          "index_key": 0,
          "schema_version": 0,
          "attributes": {
            "gateway_id": "",
            "id": "rtbassoc-0d4a9be690fc989ae",
            "route_table_id": "rtb-02ab533e3dc72e795",
            "subnet_id": "subnet-0751d83c97995209b",
            "timeouts": null
          },
          "sensitive_attributes": [],
          "private": "eyJlMmJmYjczMC1lY2FhLTExZTYtOGY4OC0zNDM2M2JjN2M0YzAiOnsiY3JlYXRlIjozMDAwMDAwMDAwMDAsImRlbGV0ZSI6MzAwMDAwMDAwMDAwLCJ1cGRhdGUiOjEyMDAwMDAwMDAwMH19",
          "dependencies": [
            "aws_route_table.restricted_rt",
            "aws_subnet.restricted",
            "aws_vpc.network",
            "data.aws_availability_zones.zones"
          ]
        },
        {
          "index_key": 1,
          "schema_version": 0,
          "attributes": {
            "gateway_id": "",
            "id": "rtbassoc-04bf9121968ff4c7c",
            "route_table_id": "rtb-02ab533e3dc72e795",
            "subnet_id": "subnet-07478f4be2e5aa92b",
            "timeouts": null
          },
          "sensitive_attributes": [],
          "private": "eyJlMmJmYjczMC1lY2FhLTExZTYtOGY4OC0zNDM2M2JjN2M0YzAiOnsiY3JlYXRlIjozMDAwMDAwMDAwMDAsImRlbGV0ZSI6MzAwMDAwMDAwMDAwLCJ1cGRhdGUiOjEyMDAwMDAwMDAwMH19",
          "dependencies": [
            "aws_route_table.restricted_rt",
            "aws_subnet.restricted",
            "aws_vpc.network",
            "data.aws_availability_zones.zones"
          ]
        },
        {
          "index_key": 2,
          "schema_version": 0,
          "attributes": {
            "gateway_id": "",
            "id": "rtbassoc-0bc19818e2df2a0c2",
            "route_table_id": "rtb-02ab533e3dc72e795",
            "subnet_id": "subnet-071ec4d9ecdc244c9",
            "timeouts": null
          },
          "sensitive_attributes": [],
          "private": "eyJlMmJmYjczMC1lY2FhLTExZTYtOGY4OC0zNDM2M2JjN2M0YzAiOnsiY3JlYXRlIjozMDAwMDAwMDAwMDAsImRlbGV0ZSI6MzAwMDAwMDAwMDAwLCJ1cGRhdGUiOjEyMDAwMDAwMDAwMH19",
          "dependencies": [
            "aws_route_table.restricted_rt",
            "aws_subnet.restricted",
            "aws_vpc.network",
            "data.aws_availability_zones.zones"
          ]
        }
      ]
    },
    {
      "mode": "managed",
      "type": "aws_s3_bucket",
      "name": "webapp_bucket",
      "provider": "provider[\"registry.terraform.io/hashicorp/aws\"]",
      "instances": [
        {
          "schema_version": 0,
          "attributes": {
            "acceleration_status": "",
            "acl": null,
            "arn": "arn:aws:s3:::csye6225-28d38148-236a-b659-606e-3335ce07bfa7",
            "bucket": "csye6225-28d38148-236a-b659-606e-3335ce07bfa7",
            "bucket_domain_name": "csye6225-28d38148-236a-b659-606e-3335ce07bfa7.s3.amazonaws.com",
            "bucket_prefix": "",
            "bucket_regional_domain_name": "csye6225-28d38148-236a-b659-606e-3335ce07bfa7.s3.us-east-1.amazonaws.com",
            "cors_rule": [],
            "force_destroy": true,
            "grant": [
              {
                "id": "8a0cfc68d0b8fce062ca8e86fc600ecd5519a4cea41cff53e39cc9a94c2997a8",
                "permissions": [
                  "FULL_CONTROL"
                ],
                "type": "CanonicalUser",
                "uri": ""
              }
            ],
            "hosted_zone_id": "Z3AQBSTGFYJSTF",
            "id": "csye6225-28d38148-236a-b659-606e-3335ce07bfa7",
            "lifecycle_rule": [],
            "logging": [],
            "object_lock_configuration": [],
            "object_lock_enabled": false,
            "policy": "",
            "region": "us-east-1",
            "replication_configuration": [],
            "request_payer": "BucketOwner",
            "server_side_encryption_configuration": [
              {
                "rule": [
                  {
                    "apply_server_side_encryption_by_default": [
                      {
                        "kms_master_key_id": "",
                        "sse_algorithm": "AES256"
                      }
                    ],
                    "bucket_key_enabled": false
                  }
                ]
              }
            ],
            "tags": {
              "Name": "WebApp-S3-Bucket"
            },
            "tags_all": {
              "Name": "WebApp-S3-Bucket"
            },
            "timeouts": null,
            "versioning": [
              {
                "enabled": false,
                "mfa_delete": false
              }
            ],
            "website": [],
            "website_domain": null,
            "website_endpoint": null
          },
          "sensitive_attributes": [],
          "private": "eyJlMmJmYjczMC1lY2FhLTExZTYtOGY4OC0zNDM2M2JjN2M0YzAiOnsiY3JlYXRlIjoxMjAwMDAwMDAwMDAwLCJkZWxldGUiOjM2MDAwMDAwMDAwMDAsInJlYWQiOjEyMDAwMDAwMDAwMDAsInVwZGF0ZSI6MTIwMDAwMDAwMDAwMH19",
          "dependencies": [
            "random_uuid.bucket_uuid"
          ]
        }
      ]
    },
    {
      "mode": "managed",
      "type": "aws_s3_bucket_lifecycle_configuration",
      "name": "webapp_bucket_lifecycle",
      "provider": "provider[\"registry.terraform.io/hashicorp/aws\"]",
      "instances": [
        {
          "schema_version": 1,
          "attributes": {
            "bucket": "csye6225-28d38148-236a-b659-606e-3335ce07bfa7",
            "expected_bucket_owner": "",
            "id": "csye6225-28d38148-236a-b659-606e-3335ce07bfa7",
            "rule": [
              {
                "abort_incomplete_multipart_upload": [],
                "expiration": [],
                "filter": [
                  {
                    "and": [],
                    "object_size_greater_than": null,
                    "object_size_less_than": null,
                    "prefix": "logs/",
                    "tag": []
                  }
                ],
                "id": "transition-to-standard-ia",
                "noncurrent_version_expiration": [],
                "noncurrent_version_transition": [],
                "prefix": "",
                "status": "Enabled",
                "transition": [
                  {
                    "date": null,
                    "days": 30,
                    "storage_class": "STANDARD_IA"
                  }
                ]
              }
            ],
            "timeouts": null,
            "transition_default_minimum_object_size": "all_storage_classes_128K"
          },
          "sensitive_attributes": [],
          "dependencies": [
            "aws_s3_bucket.webapp_bucket",
            "random_uuid.bucket_uuid"
          ]
        }
      ]
    },
    {
      "mode": "managed",
      "type": "aws_s3_bucket_public_access_block",
      "name": "webapp_bucket_access",
      "provider": "provider[\"registry.terraform.io/hashicorp/aws\"]",
      "instances": [
        {
          "schema_version": 0,
          "attributes": {
            "block_public_acls": true,
            "block_public_policy": true,
            "bucket": "csye6225-28d38148-236a-b659-606e-3335ce07bfa7",
            "id": "csye6225-28d38148-236a-b659-606e-3335ce07bfa7",
            "ignore_public_acls": true,
            "restrict_public_buckets": true
          },
          "sensitive_attributes": [],
          "private": "bnVsbA==",
          "dependencies": [
            "aws_s3_bucket.webapp_bucket",
            "random_uuid.bucket_uuid"
          ]
        }
      ]
    },
    {
      "mode": "managed",
      "type": "aws_s3_bucket_server_side_encryption_configuration",
      "name": "webapp_bucket_encryption",
      "provider": "provider[\"registry.terraform.io/hashicorp/aws\"]",
      "instances": [
        {
          "schema_version": 0,
          "attributes": {
            "bucket": "csye6225-28d38148-236a-b659-606e-3335ce07bfa7",
            "expected_bucket_owner": "",
            "id": "csye6225-28d38148-236a-b659-606e-3335ce07bfa7",
            "rule": [
              {
                "apply_server_side_encryption_by_default": [
                  {
                    "kms_master_key_id": "",
                    "sse_algorithm": "AES256"
                  }
                ],
                "bucket_key_enabled": null
              }
            ]
          },
          "sensitive_attributes": [],
          "private": "bnVsbA==",
          "dependencies": [
            "aws_s3_bucket.webapp_bucket",
            "random_uuid.bucket_uuid"
          ]
        }
      ]
    },
    {
      "mode": "managed",
      "type": "aws_security_group",
      "name": "application_sg",
      "provider": "provider[\"registry.terraform.io/hashicorp/aws\"]",
      "instances": [
        {
          "schema_version": 1,
          "attributes": {
            "arn": "arn:aws:ec2:us-east-1:559050238253:security-group/sg-0676f1130ea0cea07",
            "description": "Managed by Terraform",
            "egress": [
              {
                "cidr_blocks": [
                  "0.0.0.0/0"
                ],
                "description": "",
                "from_port": 0,
                "ipv6_cidr_blocks": [],
                "prefix_list_ids": [],
                "protocol": "-1",
                "security_groups": [],
                "self": false,
                "to_port": 0
              }
            ],
            "id": "sg-0676f1130ea0cea07",
            "ingress": [
              {
                "cidr_blocks": [
                  "0.0.0.0/0"
                ],
                "description": "",
                "from_port": 22,
                "ipv6_cidr_blocks": [],
                "prefix_list_ids": [],
                "protocol": "tcp",
                "security_groups": [],
                "self": false,
                "to_port": 22
              },
              {
                "cidr_blocks": [],
                "description": "",
                "from_port": 8080,
                "ipv6_cidr_blocks": [],
                "prefix_list_ids": [],
                "protocol": "tcp",
                "security_groups": [
                  "sg-0796dbee288bde07e"
                ],
                "self": false,
                "to_port": 8080
              }
            ],
            "name": "terraform-20250407151655316400000005",
            "name_prefix": "terraform-",
            "owner_id": "559050238253",
            "revoke_rules_on_delete": false,
            "tags": {
              "Name": "Custom-Network-Application-SG"
            },
            "tags_all": {
              "Name": "Custom-Network-Application-SG"
            },
            "timeouts": null,
            "vpc_id": "vpc-0421ce3667cf1f8af"
          },
          "sensitive_attributes": [],
          "private": "eyJlMmJmYjczMC1lY2FhLTExZTYtOGY4OC0zNDM2M2JjN2M0YzAiOnsiY3JlYXRlIjo2MDAwMDAwMDAwMDAsImRlbGV0ZSI6OTAwMDAwMDAwMDAwfSwic2NoZW1hX3ZlcnNpb24iOiIxIn0=",
          "dependencies": [
            "aws_security_group.load_balancer_sg",
            "aws_vpc.network"
          ]
        }
      ]
    },
    {
      "mode": "managed",
      "type": "aws_security_group",
      "name": "database_sg",
      "provider": "provider[\"registry.terraform.io/hashicorp/aws\"]",
      "instances": [
        {
          "schema_version": 1,
          "attributes": {
            "arn": "arn:aws:ec2:us-east-1:559050238253:security-group/sg-016868d67ecf847db",
            "description": "Security group for RDS database",
            "egress": [
              {
                "cidr_blocks": [
                  "0.0.0.0/0"
                ],
                "description": "",
                "from_port": 0,
                "ipv6_cidr_blocks": [],
                "prefix_list_ids": [],
                "protocol": "-1",
                "security_groups": [],
                "self": false,
                "to_port": 0
              }
            ],
            "id": "sg-016868d67ecf847db",
            "ingress": [
              {
                "cidr_blocks": [],
                "description": "",
                "from_port": 3306,
                "ipv6_cidr_blocks": [],
                "prefix_list_ids": [],
                "protocol": "tcp",
                "security_groups": [
                  "sg-0676f1130ea0cea07"
                ],
                "self": false,
                "to_port": 3306
              }
            ],
            "name": "database-sg",
            "name_prefix": "",
            "owner_id": "559050238253",
            "revoke_rules_on_delete": false,
            "tags": {
              "Name": "Database Security Group"
            },
            "tags_all": {
              "Name": "Database Security Group"
            },
            "timeouts": null,
            "vpc_id": "vpc-0421ce3667cf1f8af"
          },
          "sensitive_attributes": [],
          "private": "eyJlMmJmYjczMC1lY2FhLTExZTYtOGY4OC0zNDM2M2JjN2M0YzAiOnsiY3JlYXRlIjo2MDAwMDAwMDAwMDAsImRlbGV0ZSI6OTAwMDAwMDAwMDAwfSwic2NoZW1hX3ZlcnNpb24iOiIxIn0=",
          "dependencies": [
            "aws_security_group.application_sg",
            "aws_security_group.load_balancer_sg",
            "aws_vpc.network"
          ]
        }
      ]
    },
    {
      "mode": "managed",
      "type": "aws_security_group",
      "name": "load_balancer_sg",
      "provider": "provider[\"registry.terraform.io/hashicorp/aws\"]",
      "instances": [
        {
          "schema_version": 1,
          "attributes": {
            "arn": "arn:aws:ec2:us-east-1:559050238253:security-group/sg-0796dbee288bde07e",
            "description": "Security group for Application Load Balancer",
            "egress": [
              {
                "cidr_blocks": [
                  "0.0.0.0/0"
                ],
                "description": "",
                "from_port": 0,
                "ipv6_cidr_blocks": [],
                "prefix_list_ids": [],
                "protocol": "-1",
                "security_groups": [],
                "self": false,
                "to_port": 0
              }
            ],
            "id": "sg-0796dbee288bde07e",
            "ingress": [
              {
                "cidr_blocks": [
                  "0.0.0.0/0"
                ],
                "description": "",
                "from_port": 443,
                "ipv6_cidr_blocks": [],
                "prefix_list_ids": [],
                "protocol": "tcp",
                "security_groups": [],
                "self": false,
                "to_port": 443
              },
              {
                "cidr_blocks": [
                  "0.0.0.0/0"
                ],
                "description": "",
                "from_port": 80,
                "ipv6_cidr_blocks": [],
                "prefix_list_ids": [],
                "protocol": "tcp",
                "security_groups": [],
                "self": false,
                "to_port": 80
              }
            ],
            "name": "load-balancer-sg",
            "name_prefix": "",
            "owner_id": "559050238253",
            "revoke_rules_on_delete": false,
            "tags": {
              "Name": "Load-Balancer-SG"
            },
            "tags_all": {
              "Name": "Load-Balancer-SG"
            },
            "timeouts": null,
            "vpc_id": "vpc-0421ce3667cf1f8af"
          },
          "sensitive_attributes": [],
          "private": "eyJlMmJmYjczMC1lY2FhLTExZTYtOGY4OC0zNDM2M2JjN2M0YzAiOnsiY3JlYXRlIjo2MDAwMDAwMDAwMDAsImRlbGV0ZSI6OTAwMDAwMDAwMDAwfSwic2NoZW1hX3ZlcnNpb24iOiIxIn0=",
          "dependencies": [
            "aws_vpc.network"
          ]
        }
      ]
    },
    {
      "mode": "managed",
      "type": "aws_subnet",
      "name": "accessible",
      "provider": "provider[\"registry.terraform.io/hashicorp/aws\"]",
      "instances": [
        {
          "index_key": 0,
          "schema_version": 1,
          "attributes": {
            "arn": "arn:aws:ec2:us-east-1:559050238253:subnet/subnet-0d6bb864f43a58270",
            "assign_ipv6_address_on_creation": false,
            "availability_zone": "us-east-1a",
            "availability_zone_id": "use1-az4",
            "cidr_block": "10.0.0.0/24",
            "customer_owned_ipv4_pool": "",
            "enable_dns64": false,
            "enable_lni_at_device_index": 0,
            "enable_resource_name_dns_a_record_on_launch": false,
            "enable_resource_name_dns_aaaa_record_on_launch": false,
            "id": "subnet-0d6bb864f43a58270",
            "ipv6_cidr_block": "",
            "ipv6_cidr_block_association_id": "",
            "ipv6_native": false,
            "map_customer_owned_ip_on_launch": false,
            "map_public_ip_on_launch": true,
            "outpost_arn": "",
            "owner_id": "559050238253",
            "private_dns_hostname_type_on_launch": "ip-name",
            "tags": {
              "Name": "Accessible-Subnet-1"
            },
            "tags_all": {
              "Name": "Accessible-Subnet-1"
            },
            "timeouts": null,
            "vpc_id": "vpc-0421ce3667cf1f8af"
          },
          "sensitive_attributes": [],
          "private": "eyJlMmJmYjczMC1lY2FhLTExZTYtOGY4OC0zNDM2M2JjN2M0YzAiOnsiY3JlYXRlIjo2MDAwMDAwMDAwMDAsImRlbGV0ZSI6MTIwMDAwMDAwMDAwMH0sInNjaGVtYV92ZXJzaW9uIjoiMSJ9",
          "dependencies": [
            "aws_vpc.network",
            "data.aws_availability_zones.zones"
          ]
        },
        {
          "index_key": 1,
          "schema_version": 1,
          "attributes": {
            "arn": "arn:aws:ec2:us-east-1:559050238253:subnet/subnet-024901c1e2a653f82",
            "assign_ipv6_address_on_creation": false,
            "availability_zone": "us-east-1b",
            "availability_zone_id": "use1-az6",
            "cidr_block": "10.0.1.0/24",
            "customer_owned_ipv4_pool": "",
            "enable_dns64": false,
            "enable_lni_at_device_index": 0,
            "enable_resource_name_dns_a_record_on_launch": false,
            "enable_resource_name_dns_aaaa_record_on_launch": false,
            "id": "subnet-024901c1e2a653f82",
            "ipv6_cidr_block": "",
            "ipv6_cidr_block_association_id": "",
            "ipv6_native": false,
            "map_customer_owned_ip_on_launch": false,
            "map_public_ip_on_launch": true,
            "outpost_arn": "",
            "owner_id": "559050238253",
            "private_dns_hostname_type_on_launch": "ip-name",
            "tags": {
              "Name": "Accessible-Subnet-2"
            },
            "tags_all": {
              "Name": "Accessible-Subnet-2"
            },
            "timeouts": null,
            "vpc_id": "vpc-0421ce3667cf1f8af"
          },
          "sensitive_attributes": [],
          "private": "eyJlMmJmYjczMC1lY2FhLTExZTYtOGY4OC0zNDM2M2JjN2M0YzAiOnsiY3JlYXRlIjo2MDAwMDAwMDAwMDAsImRlbGV0ZSI6MTIwMDAwMDAwMDAwMH0sInNjaGVtYV92ZXJzaW9uIjoiMSJ9",
          "dependencies": [
            "aws_vpc.network",
            "data.aws_availability_zones.zones"
          ]
        },
        {
          "index_key": 2,
          "schema_version": 1,
          "attributes": {
            "arn": "arn:aws:ec2:us-east-1:559050238253:subnet/subnet-08664b0661a354c21",
            "assign_ipv6_address_on_creation": false,
            "availability_zone": "us-east-1c",
            "availability_zone_id": "use1-az1",
            "cidr_block": "10.0.2.0/24",
            "customer_owned_ipv4_pool": "",
            "enable_dns64": false,
            "enable_lni_at_device_index": 0,
            "enable_resource_name_dns_a_record_on_launch": false,
            "enable_resource_name_dns_aaaa_record_on_launch": false,
            "id": "subnet-08664b0661a354c21",
            "ipv6_cidr_block": "",
            "ipv6_cidr_block_association_id": "",
            "ipv6_native": false,
            "map_customer_owned_ip_on_launch": false,
            "map_public_ip_on_launch": true,
            "outpost_arn": "",
            "owner_id": "559050238253",
            "private_dns_hostname_type_on_launch": "ip-name",
            "tags": {
              "Name": "Accessible-Subnet-3"
            },
            "tags_all": {
              "Name": "Accessible-Subnet-3"
            },
            "timeouts": null,
            "vpc_id": "vpc-0421ce3667cf1f8af"
          },
          "sensitive_attributes": [],
          "private": "eyJlMmJmYjczMC1lY2FhLTExZTYtOGY4OC0zNDM2M2JjN2M0YzAiOnsiY3JlYXRlIjo2MDAwMDAwMDAwMDAsImRlbGV0ZSI6MTIwMDAwMDAwMDAwMH0sInNjaGVtYV92ZXJzaW9uIjoiMSJ9",
          "dependencies": [
            "aws_vpc.network",
            "data.aws_availability_zones.zones"
          ]
        }
      ]
    },
    {
      "mode": "managed",
      "type": "aws_subnet",
      "name": "restricted",
      "provider": "provider[\"registry.terraform.io/hashicorp/aws\"]",
      "instances": [
        {
          "index_key": 0,
          "schema_version": 1,
          "attributes": {
            "arn": "arn:aws:ec2:us-east-1:559050238253:subnet/subnet-0751d83c97995209b",
            "assign_ipv6_address_on_creation": false,
            "availability_zone": "us-east-1a",
            "availability_zone_id": "use1-az4",
            "cidr_block": "10.0.3.0/24",
            "customer_owned_ipv4_pool": "",
            "enable_dns64": false,
            "enable_lni_at_device_index": 0,
            "enable_resource_name_dns_a_record_on_launch": false,
            "enable_resource_name_dns_aaaa_record_on_launch": false,
            "id": "subnet-0751d83c97995209b",
            "ipv6_cidr_block": "",
            "ipv6_cidr_block_association_id": "",
            "ipv6_native": false,
            "map_customer_owned_ip_on_launch": false,
            "map_public_ip_on_launch": false,
            "outpost_arn": "",
            "owner_id": "559050238253",
            "private_dns_hostname_type_on_launch": "ip-name",
            "tags": {
              "Name": "Restricted-Subnet-1"
            },
            "tags_all": {
              "Name": "Restricted-Subnet-1"
            },
            "timeouts": null,
            "vpc_id": "vpc-0421ce3667cf1f8af"
          },
          "sensitive_attributes": [],
          "private": "eyJlMmJmYjczMC1lY2FhLTExZTYtOGY4OC0zNDM2M2JjN2M0YzAiOnsiY3JlYXRlIjo2MDAwMDAwMDAwMDAsImRlbGV0ZSI6MTIwMDAwMDAwMDAwMH0sInNjaGVtYV92ZXJzaW9uIjoiMSJ9",
          "dependencies": [
            "aws_vpc.network",
            "data.aws_availability_zones.zones"
          ]
        },
        {
          "index_key": 1,
          "schema_version": 1,
          "attributes": {
            "arn": "arn:aws:ec2:us-east-1:559050238253:subnet/subnet-07478f4be2e5aa92b",
            "assign_ipv6_address_on_creation": false,
            "availability_zone": "us-east-1b",
            "availability_zone_id": "use1-az6",
            "cidr_block": "10.0.4.0/24",
            "customer_owned_ipv4_pool": "",
            "enable_dns64": false,
            "enable_lni_at_device_index": 0,
            "enable_resource_name_dns_a_record_on_launch": false,
            "enable_resource_name_dns_aaaa_record_on_launch": false,
            "id": "subnet-07478f4be2e5aa92b",
            "ipv6_cidr_block": "",
            "ipv6_cidr_block_association_id": "",
            "ipv6_native": false,
            "map_customer_owned_ip_on_launch": false,
            "map_public_ip_on_launch": false,
            "outpost_arn": "",
            "owner_id": "559050238253",
            "private_dns_hostname_type_on_launch": "ip-name",
            "tags": {
              "Name": "Restricted-Subnet-2"
            },
            "tags_all": {
              "Name": "Restricted-Subnet-2"
            },
            "timeouts": null,
            "vpc_id": "vpc-0421ce3667cf1f8af"
          },
          "sensitive_attributes": [],
          "private": "eyJlMmJmYjczMC1lY2FhLTExZTYtOGY4OC0zNDM2M2JjN2M0YzAiOnsiY3JlYXRlIjo2MDAwMDAwMDAwMDAsImRlbGV0ZSI6MTIwMDAwMDAwMDAwMH0sInNjaGVtYV92ZXJzaW9uIjoiMSJ9",
          "dependencies": [
            "aws_vpc.network",
            "data.aws_availability_zones.zones"
          ]
        },
        {
          "index_key": 2,
          "schema_version": 1,
          "attributes": {
            "arn": "arn:aws:ec2:us-east-1:559050238253:subnet/subnet-071ec4d9ecdc244c9",
            "assign_ipv6_address_on_creation": false,
            "availability_zone": "us-east-1c",
            "availability_zone_id": "use1-az1",
            "cidr_block": "10.0.5.0/24",
            "customer_owned_ipv4_pool": "",
            "enable_dns64": false,
            "enable_lni_at_device_index": 0,
            "enable_resource_name_dns_a_record_on_launch": false,
            "enable_resource_name_dns_aaaa_record_on_launch": false,
            "id": "subnet-071ec4d9ecdc244c9",
            "ipv6_cidr_block": "",
            "ipv6_cidr_block_association_id": "",
            "ipv6_native": false,
            "map_customer_owned_ip_on_launch": false,
            "map_public_ip_on_launch": false,
            "outpost_arn": "",
            "owner_id": "559050238253",
            "private_dns_hostname_type_on_launch": "ip-name",
            "tags": {
              "Name": "Restricted-Subnet-3"
            },
            "tags_all": {
              "Name": "Restricted-Subnet-3"
            },
            "timeouts": null,
            "vpc_id": "vpc-0421ce3667cf1f8af"
          },
          "sensitive_attributes": [],
          "private": "eyJlMmJmYjczMC1lY2FhLTExZTYtOGY4OC0zNDM2M2JjN2M0YzAiOnsiY3JlYXRlIjo2MDAwMDAwMDAwMDAsImRlbGV0ZSI6MTIwMDAwMDAwMDAwMH0sInNjaGVtYV92ZXJzaW9uIjoiMSJ9",
          "dependencies": [
            "aws_vpc.network",
            "data.aws_availability_zones.zones"
          ]
        }
      ]
    },
    {
      "mode": "managed",
      "type": "aws_vpc",
      "name": "network",
      "provider": "provider[\"registry.terraform.io/hashicorp/aws\"]",
      "instances": [
        {
          "schema_version": 1,
          "attributes": {
            "arn": "arn:aws:ec2:us-east-1:559050238253:vpc/vpc-0421ce3667cf1f8af",
            "assign_generated_ipv6_cidr_block": false,
            "cidr_block": "10.0.0.0/16",
            "default_network_acl_id": "acl-09b66fb492113bba9",
            "default_route_table_id": "rtb-00f1b0e8f5270b3ee",
            "default_security_group_id": "sg-03313cb3909c65a61",
            "dhcp_options_id": "dopt-0595db59d303ab709",
            "enable_dns_hostnames": false,
            "enable_dns_support": true,
            "enable_network_address_usage_metrics": false,
            "id": "vpc-0421ce3667cf1f8af",
            "instance_tenancy": "default",
            "ipv4_ipam_pool_id": null,
            "ipv4_netmask_length": null,
            "ipv6_association_id": "",
            "ipv6_cidr_block": "",
            "ipv6_cidr_block_network_border_group": "",
            "ipv6_ipam_pool_id": "",
            "ipv6_netmask_length": 0,
            "main_route_table_id": "rtb-00f1b0e8f5270b3ee",
            "owner_id": "559050238253",
            "tags": {
              "Name": "Custom-Network"
            },
            "tags_all": {
              "Name": "Custom-Network"
            }
          },
          "sensitive_attributes": [],
          "private": "eyJzY2hlbWFfdmVyc2lvbiI6IjEifQ=="
        }
      ]
    },
    {
      "mode": "managed",
      "type": "random_uuid",
      "name": "bucket_uuid",
      "provider": "provider[\"registry.terraform.io/hashicorp/random\"]",
      "instances": [
        {
          "schema_version": 0,
          "attributes": {
            "id": "28d38148-236a-b659-606e-3335ce07bfa7",
            "keepers": null,
            "result": "28d38148-236a-b659-606e-3335ce07bfa7"
          },
          "sensitive_attributes": []
        }
      ]
    }
  ],
  "check_results": null
}
